{
  "name": "sidebutton",
  "version": "1.0.0",
  "lockfileVersion": 3,
  "requires": true,
  "packages": {
    "": {
      "name": "sidebutton",
      "version": "1.0.0",
      "license": "Apache-2.0",
      "devDependencies": {
        "turbo": "^2.3.0",
        "typescript": "^5.7.2"
      }
    },
    "node_modules/turbo": {
      "version": "2.7.2",
      "dev": true,
      "license": "MIT",
      "bin": {
        "turbo": "bin/turbo"
      },
      "optionalDependencies": {
        "turbo-darwin-64": "2.7.2",
        "turbo-darwin-arm64": "2.7.2",
        "turbo-linux-64": "2.7.2",
        "turbo-linux-arm64": "2.7.2",
        "turbo-windows-64": "2.7.2",
        "turbo-windows-arm64": "2.7.2"
      }
    },
    "node_modules/turbo-darwin-arm64": {
      "version": "2.7.2",
      "cpu": [
        "arm64"
      ],
      "dev": true,
      "license": "MIT",
      "optional": true,
      "os": [
        "darwin"
      ]
    },
    "node_modules/typescript": {
      "version": "5.9.3",
      "dev": true,
      "license": "Apache-2.0",
      "bin": {
        "tsc": "bin/tsc",
        "tsserver": "bin/tsserver"
      },
      "engines": {
        "node": ">=14.17"
      }
    }
  }
}
